
Microsoft Visual Studio Solution File, Format Version 12.00
# Visual Studio Version 17
VisualStudioVersion = 17.13.35931.197 d17.13
MinimumVisualStudioVersion = 10.0.40219.1
Project("{FAE04EC0-301F-11D3-BF4B-00C04F79EFBC}") = "Arreglo1.2", "Arreglo1.2\Arreglo1.2.csproj", "{CCDAE417-39DD-4063-83C7-E3BC157FADCE}"
EndProject
Global
	GlobalSection(SolutionConfigurationPlatforms) = preSolution
		Debug|Any CPU = Debug|Any CPU
		Release|Any CPU = Release|Any CPU
	EndGlobalSection
	GlobalSection(ProjectConfigurationPlatforms) = postSolution
		{CCDAE417-39DD-4063-83C7-E3BC157FADCE}.Debug|Any CPU.ActiveCfg = Debug|Any CPU
		{CCDAE417-39DD-4063-83C7-E3BC157FADCE}.Debug|Any CPU.Build.0 = Debug|Any CPU
		{CCDAE417-39DD-4063-83C7-E3BC157FADCE}.Release|Any CPU.ActiveCfg = Release|Any CPU
		{CCDAE417-39DD-4063-83C7-E3BC157FADCE}.Release|Any CPU.Build.0 = Release|Any CPU
	EndGlobalSection
	GlobalSection(SolutionProperties) = preSolution
		HideSolutionNode = FALSE
	EndGlobalSection
	GlobalSection(ExtensibilityGlobals) = postSolution
		SolutionGuid = {CE318778-4827-49F8-808B-8C910BA81AC2}
	EndGlobalSection
EndGlobal
