
Microsoft Visual Studio Solution File, Format Version 12.00
# Visual Studio Version 17
VisualStudioVersion = 17.13.35931.197 d17.13
MinimumVisualStudioVersion = 10.0.40219.1
Project("{FAE04EC0-301F-11D3-BF4B-00C04F79EFBC}") = "Arreglo3", "Arreglo3\Arreglo3.csproj", "{73531FB4-28D0-48F0-969E-132A56BE7E7D}"
EndProject
Global
	GlobalSection(SolutionConfigurationPlatforms) = preSolution
		Debug|Any CPU = Debug|Any CPU
		Release|Any CPU = Release|Any CPU
	EndGlobalSection
	GlobalSection(ProjectConfigurationPlatforms) = postSolution
		{73531FB4-28D0-48F0-969E-132A56BE7E7D}.Debug|Any CPU.ActiveCfg = Debug|Any CPU
		{73531FB4-28D0-48F0-969E-132A56BE7E7D}.Debug|Any CPU.Build.0 = Debug|Any CPU
		{73531FB4-28D0-48F0-969E-132A56BE7E7D}.Release|Any CPU.ActiveCfg = Release|Any CPU
		{73531FB4-28D0-48F0-969E-132A56BE7E7D}.Release|Any CPU.Build.0 = Release|Any CPU
	EndGlobalSection
	GlobalSection(SolutionProperties) = preSolution
		HideSolutionNode = FALSE
	EndGlobalSection
	GlobalSection(ExtensibilityGlobals) = postSolution
		SolutionGuid = {88FFEE28-E41E-4733-901E-7CC9CC949B95}
	EndGlobalSection
EndGlobal
