
Microsoft Visual Studio Solution File, Format Version 12.00
# Visual Studio Version 17
VisualStudioVersion = 17.13.35931.197 d17.13
MinimumVisualStudioVersion = 10.0.40219.1
Project("{FAE04EC0-301F-11D3-BF4B-00C04F79EFBC}") = "Lista1", "Lista1\Lista1.csproj", "{5FAAA69D-F343-4837-B38D-331F64CF3B45}"
EndProject
Global
	GlobalSection(SolutionConfigurationPlatforms) = preSolution
		Debug|Any CPU = Debug|Any CPU
		Release|Any CPU = Release|Any CPU
	EndGlobalSection
	GlobalSection(ProjectConfigurationPlatforms) = postSolution
		{5FAAA69D-F343-4837-B38D-331F64CF3B45}.Debug|Any CPU.ActiveCfg = Debug|Any CPU
		{5FAAA69D-F343-4837-B38D-331F64CF3B45}.Debug|Any CPU.Build.0 = Debug|Any CPU
		{5FAAA69D-F343-4837-B38D-331F64CF3B45}.Release|Any CPU.ActiveCfg = Release|Any CPU
		{5FAAA69D-F343-4837-B38D-331F64CF3B45}.Release|Any CPU.Build.0 = Release|Any CPU
	EndGlobalSection
	GlobalSection(SolutionProperties) = preSolution
		HideSolutionNode = FALSE
	EndGlobalSection
	GlobalSection(ExtensibilityGlobals) = postSolution
		SolutionGuid = {62D005F8-FD0C-4F98-B4C6-0A88E8F890EA}
	EndGlobalSection
EndGlobal
